
Microsoft Visual Studio Solution File, Format Version 12.00
# Visual Studio Version 16
VisualStudioVersion = 25.0.1706.12
MinimumVisualStudioVersion = 10.0.40219.1
Project("{FAE04EC0-301F-11D3-BF4B-00C04F79EFBC}") = "ProducerConsumer", "ProducerConsumer\ProducerConsumer.csproj", "{8F196C3C-EC84-487B-B145-3AAA4BBAD073}"
EndProject
Project("{FAE04EC0-301F-11D3-BF4B-00C04F79EFBC}") = "ProducerConsumer.Tests", "ProducerConsumer.Tests\ProducerConsumer.Tests.csproj", "{45AD67D7-5D52-4B08-B0B1-88160CC3E411}"
EndProject
Global
	GlobalSection(SolutionConfigurationPlatforms) = preSolution
		Debug|Any CPU = Debug|Any CPU
		Release|Any CPU = Release|Any CPU
	EndGlobalSection
	GlobalSection(ProjectConfigurationPlatforms) = postSolution
		{8F196C3C-EC84-487B-B145-3AAA4BBAD073}.Debug|Any CPU.ActiveCfg = Debug|Any CPU
		{8F196C3C-EC84-487B-B145-3AAA4BBAD073}.Debug|Any CPU.Build.0 = Debug|Any CPU
		{8F196C3C-EC84-487B-B145-3AAA4BBAD073}.Release|Any CPU.ActiveCfg = Release|Any CPU
		{8F196C3C-EC84-487B-B145-3AAA4BBAD073}.Release|Any CPU.Build.0 = Release|Any CPU
		{45AD67D7-5D52-4B08-B0B1-88160CC3E411}.Debug|Any CPU.ActiveCfg = Debug|Any CPU
		{45AD67D7-5D52-4B08-B0B1-88160CC3E411}.Debug|Any CPU.Build.0 = Debug|Any CPU
		{45AD67D7-5D52-4B08-B0B1-88160CC3E411}.Release|Any CPU.ActiveCfg = Release|Any CPU
		{45AD67D7-5D52-4B08-B0B1-88160CC3E411}.Release|Any CPU.Build.0 = Release|Any CPU
	EndGlobalSection
	GlobalSection(SolutionProperties) = preSolution
		HideSolutionNode = FALSE
	EndGlobalSection
	GlobalSection(ExtensibilityGlobals) = postSolution
		SolutionGuid = {812D0C09-B170-4C8A-853F-4BCAF713F9CB}
	EndGlobalSection
EndGlobal
